version = 1
revision = 3
requires-python = ">=3.13"

[[package]]
name = "async-node"
version = "1.0.5"
source = { virtual = "." }
dependencies = [
    { name = "loky" },
]

[package.metadata]
requires-dist = [{ name = "loky", specifier = ">=3.5.6" }]

[[package]]
name = "cloudpickle"
version = "3.1.1"
source = { registry = "https://pypi.org/simple" }
sdist = { url = "https://files.pythonhosted.org/packages/52/39/069100b84d7418bc358d81669d5748efb14b9cceacd2f9c75f550424132f/cloudpickle-3.1.1.tar.gz", hash = "sha256:b216fa8ae4019d5482a8ac3c95d8f6346115d8835911fd4aefd1a445e4242c64", size = 22113, upload-time = "2025-01-14T17:02:05.085Z" }
wheels = [
    { url = "https://files.pythonhosted.org/packages/7e/e8/64c37fadfc2816a7701fa8a6ed8d87327c7d54eacfbfb6edab14a2f2be75/cloudpickle-3.1.1-py3-none-any.whl", hash = "sha256:c8c5a44295039331ee9dad40ba100a9c7297b6f988e50e87ccdf3765a668350e", size = 20992, upload-time = "2025-01-14T17:02:02.417Z" },
]

[[package]]
name = "loky"
version = "3.5.6"
source = { registry = "https://pypi.org/simple" }
dependencies = [
    { name = "cloudpickle" },
]
sdist = { url = "https://files.pythonhosted.org/packages/76/61/690a4503ede61d36cc7fa2d5fa11fe02d94f030bd82155cd8935b2694580/loky-3.5.6.tar.gz", hash = "sha256:d96935ed689aa53eeb7b329769544950fa10a52706968f5d0af3d9c33a761e77", size = 102275, upload-time = "2025-08-27T09:53:52.4Z" }
wheels = [
    { url = "https://files.pythonhosted.org/packages/ce/80/7f1f1bf8c2d5dfd8e9c0e1191aa355ff8b80b5619f84d6dcc2703fa7fd5a/loky-3.5.6-py3-none-any.whl", hash = "sha256:6d5300ac68cbd5084e89a6a0a187785d6a79950d461c80223d2c9a41d672b3d4", size = 56515, upload-time = "2025-08-27T09:53:51.145Z" },
]
